// !$*UTF8*$!
{
	archiveVersion = 1;
	classes = {
	};
	objectVersion = 45;
	objects = {

/* Begin PBXBuildFile section */
		1D3623260D0F684500981E51 /* PanoramaAppDelegate.m in Sources */ = {isa = PBXBuildFile; fileRef = 1D3623250D0F684500981E51 /* PanoramaAppDelegate.m */; };
		1D60589B0D05DD56006BFB54 /* main.m in Sources */ = {isa = PBXBuildFile; fileRef = 29B97316FDCFA39411CA2CEA /* main.m */; };
		1D60589F0D05DD5A006BFB54 /* Foundation.framework in Frameworks */ = {isa = PBXBuildFile; fileRef = 1D30AB110D05D00D00671497 /* Foundation.framework */; };
		1DF5F4E00D08C38300B7A737 /* UIKit.framework in Frameworks */ = {isa = PBXBuildFile; fileRef = 1DF5F4DF0D08C38300B7A737 /* UIKit.framework */; };
		288765A50DF7441C002DB57D /* CoreGraphics.framework in Frameworks */ = {isa = PBXBuildFile; fileRef = 288765A40DF7441C002DB57D /* CoreGraphics.framework */; };
		2899E5220DE3E06400AC0155 /* PanoramaViewController.xib in Resources */ = {isa = PBXBuildFile; fileRef = 2899E5210DE3E06400AC0155 /* PanoramaViewController.xib */; };
		28AD733F0D9D9553002E5188 /* MainWindow.xib in Resources */ = {isa = PBXBuildFile; fileRef = 28AD733E0D9D9553002E5188 /* MainWindow.xib */; };
		28D7ACF80DDB3853001CB0EB /* PanoramaViewController.m in Sources */ = {isa = PBXBuildFile; fileRef = 28D7ACF70DDB3853001CB0EB /* PanoramaViewController.m */; };
		3720440712207F010087A1AB /* PanoramaAudioManager.m in Sources */ = {isa = PBXBuildFile; fileRef = 3720440412207F010087A1AB /* PanoramaAudioManager.m */; };
		3720440812207F010087A1AB /* PanoramaAudioSource.m in Sources */ = {isa = PBXBuildFile; fileRef = 3720440612207F010087A1AB /* PanoramaAudioSource.m */; };
		3720441212207F190087A1AB /* eight.caf in Resources */ = {isa = PBXBuildFile; fileRef = 3720440A12207F190087A1AB /* eight.caf */; };
		3720441312207F190087A1AB /* five.caf in Resources */ = {isa = PBXBuildFile; fileRef = 3720440B12207F190087A1AB /* five.caf */; };
		3720441412207F190087A1AB /* four.caf in Resources */ = {isa = PBXBuildFile; fileRef = 3720440C12207F190087A1AB /* four.caf */; };
		3720441512207F190087A1AB /* one.caf in Resources */ = {isa = PBXBuildFile; fileRef = 3720440D12207F190087A1AB /* one.caf */; };
		3720441612207F190087A1AB /* seven.caf in Resources */ = {isa = PBXBuildFile; fileRef = 3720440E12207F190087A1AB /* seven.caf */; };
		3720441712207F190087A1AB /* six.caf in Resources */ = {isa = PBXBuildFile; fileRef = 3720440F12207F190087A1AB /* six.caf */; };
		3720441812207F190087A1AB /* three.caf in Resources */ = {isa = PBXBuildFile; fileRef = 3720441012207F190087A1AB /* three.caf */; };
		3720441912207F190087A1AB /* two.caf in Resources */ = {isa = PBXBuildFile; fileRef = 3720441112207F190087A1AB /* two.caf */; };
		3720442312207F380087A1AB /* OpenAL.framework in Frameworks */ = {isa = PBXBuildFile; fileRef = 3720442212207F380087A1AB /* OpenAL.framework */; };
		37204506122094CC0087A1AB /* AudioToolbox.framework in Frameworks */ = {isa = PBXBuildFile; fileRef = 37204505122094CC0087A1AB /* AudioToolbox.framework */; };
		E2844E4F12206E8D00D1F9D0 /* CoreLocation.framework in Frameworks */ = {isa = PBXBuildFile; fileRef = E2844E4E12206E8D00D1F9D0 /* CoreLocation.framework */; };
		E287B5F5121FB0A70009B026 /* 1.jpg in Resources */ = {isa = PBXBuildFile; fileRef = E287B5F4121FB0A70009B026 /* 1.jpg */; };
		E287B608122051030009B026 /* CylindricalScrollView.m in Sources */ = {isa = PBXBuildFile; fileRef = E287B607122051030009B026 /* CylindricalScrollView.m */; };
/* End PBXBuildFile section */

/* Begin PBXFileReference section */
		1D30AB110D05D00D00671497 /* Foundation.framework */ = {isa = PBXFileReference; lastKnownFileType = wrapper.framework; name = Foundation.framework; path = System/Library/Frameworks/Foundation.framework; sourceTree = SDKROOT; };
		1D3623240D0F684500981E51 /* PanoramaAppDelegate.h */ = {isa = PBXFileReference; fileEncoding = 4; lastKnownFileType = sourcecode.c.h; path = PanoramaAppDelegate.h; sourceTree = "<group>"; };
		1D3623250D0F684500981E51 /* PanoramaAppDelegate.m */ = {isa = PBXFileReference; fileEncoding = 4; lastKnownFileType = sourcecode.c.objc; path = PanoramaAppDelegate.m; sourceTree = "<group>"; };
		1D6058910D05DD3D006BFB54 /* Panorama.app */ = {isa = PBXFileReference; explicitFileType = wrapper.application; includeInIndex = 0; path = Panorama.app; sourceTree = BUILT_PRODUCTS_DIR; };
		1DF5F4DF0D08C38300B7A737 /* UIKit.framework */ = {isa = PBXFileReference; lastKnownFileType = wrapper.framework; name = UIKit.framework; path = System/Library/Frameworks/UIKit.framework; sourceTree = SDKROOT; };
		288765A40DF7441C002DB57D /* CoreGraphics.framework */ = {isa = PBXFileReference; lastKnownFileType = wrapper.framework; name = CoreGraphics.framework; path = System/Library/Frameworks/CoreGraphics.framework; sourceTree = SDKROOT; };
		2899E5210DE3E06400AC0155 /* PanoramaViewController.xib */ = {isa = PBXFileReference; lastKnownFileType = file.xib; path = PanoramaViewController.xib; sourceTree = "<group>"; };
		28AD733E0D9D9553002E5188 /* MainWindow.xib */ = {isa = PBXFileReference; lastKnownFileType = file.xib; path = MainWindow.xib; sourceTree = "<group>"; };
		28D7ACF60DDB3853001CB0EB /* PanoramaViewController.h */ = {isa = PBXFileReference; fileEncoding = 4; lastKnownFileType = sourcecode.c.h; path = PanoramaViewController.h; sourceTree = "<group>"; };
		28D7ACF70DDB3853001CB0EB /* PanoramaViewController.m */ = {isa = PBXFileReference; fileEncoding = 4; lastKnownFileType = sourcecode.c.objc; path = PanoramaViewController.m; sourceTree = "<group>"; };
		29B97316FDCFA39411CA2CEA /* main.m */ = {isa = PBXFileReference; fileEncoding = 4; lastKnownFileType = sourcecode.c.objc; path = main.m; sourceTree = "<group>"; };
		32CA4F630368D1EE00C91783 /* Panorama_Prefix.pch */ = {isa = PBXFileReference; fileEncoding = 4; lastKnownFileType = sourcecode.c.h; path = Panorama_Prefix.pch; sourceTree = "<group>"; };
		3720440312207F010087A1AB /* PanoramaAudioManager.h */ = {isa = PBXFileReference; fileEncoding = 4; lastKnownFileType = sourcecode.c.h; name = PanoramaAudioManager.h; path = audio/PanoramaAudioManager.h; sourceTree = "<group>"; };
		3720440412207F010087A1AB /* PanoramaAudioManager.m */ = {isa = PBXFileReference; fileEncoding = 4; lastKnownFileType = sourcecode.c.objc; name = PanoramaAudioManager.m; path = audio/PanoramaAudioManager.m; sourceTree = "<group>"; };
		3720440512207F010087A1AB /* PanoramaAudioSource.h */ = {isa = PBXFileReference; fileEncoding = 4; lastKnownFileType = sourcecode.c.h; name = PanoramaAudioSource.h; path = audio/PanoramaAudioSource.h; sourceTree = "<group>"; };
		3720440612207F010087A1AB /* PanoramaAudioSource.m */ = {isa = PBXFileReference; fileEncoding = 4; lastKnownFileType = sourcecode.c.objc; name = PanoramaAudioSource.m; path = audio/PanoramaAudioSource.m; sourceTree = "<group>"; };
		3720440A12207F190087A1AB /* eight.caf */ = {isa = PBXFileReference; lastKnownFileType = file; name = eight.caf; path = resources/audio/eight.caf; sourceTree = "<group>"; };
		3720440B12207F190087A1AB /* five.caf */ = {isa = PBXFileReference; lastKnownFileType = file; name = five.caf; path = resources/audio/five.caf; sourceTree = "<group>"; };
		3720440C12207F190087A1AB /* four.caf */ = {isa = PBXFileReference; lastKnownFileType = file; name = four.caf; path = resources/audio/four.caf; sourceTree = "<group>"; };
		3720440D12207F190087A1AB /* one.caf */ = {isa = PBXFileReference; lastKnownFileType = file; name = one.caf; path = resources/audio/one.caf; sourceTree = "<group>"; };
		3720440E12207F190087A1AB /* seven.caf */ = {isa = PBXFileReference; lastKnownFileType = file; name = seven.caf; path = resources/audio/seven.caf; sourceTree = "<group>"; };
		3720440F12207F190087A1AB /* six.caf */ = {isa = PBXFileReference; lastKnownFileType = file; name = six.caf; path = resources/audio/six.caf; sourceTree = "<group>"; };
		3720441012207F190087A1AB /* three.caf */ = {isa = PBXFileReference; lastKnownFileType = file; name = three.caf; path = resources/audio/three.caf; sourceTree = "<group>"; };
		3720441112207F190087A1AB /* two.caf */ = {isa = PBXFileReference; lastKnownFileType = file; name = two.caf; path = resources/audio/two.caf; sourceTree = "<group>"; };
		3720442212207F380087A1AB /* OpenAL.framework */ = {isa = PBXFileReference; lastKnownFileType = wrapper.framework; name = OpenAL.framework; path = System/Library/Frameworks/OpenAL.framework; sourceTree = SDKROOT; };
		372045001220944B0087A1AB /* OpenALSupport.h */ = {isa = PBXFileReference; fileEncoding = 4; lastKnownFileType = sourcecode.c.h; name = OpenALSupport.h; path = audio/OpenALSupport.h; sourceTree = "<group>"; };
		37204505122094CC0087A1AB /* AudioToolbox.framework */ = {isa = PBXFileReference; lastKnownFileType = wrapper.framework; name = AudioToolbox.framework; path = System/Library/Frameworks/AudioToolbox.framework; sourceTree = SDKROOT; };
		8D1107310486CEB800E47090 /* Panorama-Info.plist */ = {isa = PBXFileReference; fileEncoding = 4; lastKnownFileType = text.plist.xml; path = "Panorama-Info.plist"; plistStructureDefinitionIdentifier = "com.apple.xcode.plist.structure-definition.iphone.info-plist"; sourceTree = "<group>"; };
		E2844E4E12206E8D00D1F9D0 /* CoreLocation.framework */ = {isa = PBXFileReference; lastKnownFileType = wrapper.framework; name = CoreLocation.framework; path = System/Library/Frameworks/CoreLocation.framework; sourceTree = SDKROOT; };
		E287B5F4121FB0A70009B026 /* 1.jpg */ = {isa = PBXFileReference; lastKnownFileType = image.jpeg; path = 1.jpg; sourceTree = "<group>"; };
		E287B606122051030009B026 /* CylindricalScrollView.h */ = {isa = PBXFileReference; fileEncoding = 4; lastKnownFileType = sourcecode.c.h; path = CylindricalScrollView.h; sourceTree = "<group>"; };
		E287B607122051030009B026 /* CylindricalScrollView.m */ = {isa = PBXFileReference; fileEncoding = 4; lastKnownFileType = sourcecode.c.objc; path = CylindricalScrollView.m; sourceTree = "<group>"; };
/* End PBXFileReference section */

/* Begin PBXFrameworksBuildPhase section */
		1D60588F0D05DD3D006BFB54 /* Frameworks */ = {
			isa = PBXFrameworksBuildPhase;
			buildActionMask = 2147483647;
			files = (
				1D60589F0D05DD5A006BFB54 /* Foundation.framework in Frameworks */,
				1DF5F4E00D08C38300B7A737 /* UIKit.framework in Frameworks */,
				288765A50DF7441C002DB57D /* CoreGraphics.framework in Frameworks */,
				E2844E4F12206E8D00D1F9D0 /* CoreLocation.framework in Frameworks */,
				3720442312207F380087A1AB /* OpenAL.framework in Frameworks */,
				37204506122094CC0087A1AB /* AudioToolbox.framework in Frameworks */,
			);
			runOnlyForDeploymentPostprocessing = 0;
		};
/* End PBXFrameworksBuildPhase section */

/* Begin PBXGroup section */
		080E96DDFE201D6D7F000001 /* Classes */ = {
			isa = PBXGroup;
			children = (
				3720440012207EEE0087A1AB /* audio */,
				1D3623240D0F684500981E51 /* PanoramaAppDelegate.h */,
				1D3623250D0F684500981E51 /* PanoramaAppDelegate.m */,
				28D7ACF60DDB3853001CB0EB /* PanoramaViewController.h */,
				28D7ACF70DDB3853001CB0EB /* PanoramaViewController.m */,
				E287B606122051030009B026 /* CylindricalScrollView.h */,
				E287B607122051030009B026 /* CylindricalScrollView.m */,
			);
			path = Classes;
			sourceTree = "<group>";
		};
		19C28FACFE9D520D11CA2CBB /* Products */ = {
			isa = PBXGroup;
			children = (
				1D6058910D05DD3D006BFB54 /* Panorama.app */,
			);
			name = Products;
			sourceTree = "<group>";
		};
		29B97314FDCFA39411CA2CEA /* CustomTemplate */ = {
			isa = PBXGroup;
			children = (
				080E96DDFE201D6D7F000001 /* Classes */,
				29B97315FDCFA39411CA2CEA /* Other Sources */,
				29B97317FDCFA39411CA2CEA /* Resources */,
				29B97323FDCFA39411CA2CEA /* Frameworks */,
				19C28FACFE9D520D11CA2CBB /* Products */,
			);
			name = CustomTemplate;
			sourceTree = "<group>";
		};
		29B97315FDCFA39411CA2CEA /* Other Sources */ = {
			isa = PBXGroup;
			children = (
				32CA4F630368D1EE00C91783 /* Panorama_Prefix.pch */,
				29B97316FDCFA39411CA2CEA /* main.m */,
			);
			name = "Other Sources";
			sourceTree = "<group>";
		};
		29B97317FDCFA39411CA2CEA /* Resources */ = {
			isa = PBXGroup;
			children = (
				3720440912207F090087A1AB /* audio */,
				E287B5F4121FB0A70009B026 /* 1.jpg */,
				2899E5210DE3E06400AC0155 /* PanoramaViewController.xib */,
				28AD733E0D9D9553002E5188 /* MainWindow.xib */,
				8D1107310486CEB800E47090 /* Panorama-Info.plist */,
			);
			name = Resources;
			sourceTree = "<group>";
		};
		29B97323FDCFA39411CA2CEA /* Frameworks */ = {
			isa = PBXGroup;
			children = (
				1DF5F4DF0D08C38300B7A737 /* UIKit.framework */,
				1D30AB110D05D00D00671497 /* Foundation.framework */,
				288765A40DF7441C002DB57D /* CoreGraphics.framework */,
				E2844E4E12206E8D00D1F9D0 /* CoreLocation.framework */,
				3720442212207F380087A1AB /* OpenAL.framework */,
				37204505122094CC0087A1AB /* AudioToolbox.framework */,
			);
			name = Frameworks;
			sourceTree = "<group>";
		};
		3720440012207EEE0087A1AB /* audio */ = {
			isa = PBXGroup;
			children = (
				372045001220944B0087A1AB /* OpenALSupport.h */,
				3720440312207F010087A1AB /* PanoramaAudioManager.h */,
				3720440412207F010087A1AB /* PanoramaAudioManager.m */,
				3720440512207F010087A1AB /* PanoramaAudioSource.h */,
				3720440612207F010087A1AB /* PanoramaAudioSource.m */,
			);
			name = audio;
			sourceTree = "<group>";
		};
		3720440912207F090087A1AB /* audio */ = {
			isa = PBXGroup;
			children = (
				3720440A12207F190087A1AB /* eight.caf */,
				3720440B12207F190087A1AB /* five.caf */,
				3720440C12207F190087A1AB /* four.caf */,
				3720440D12207F190087A1AB /* one.caf */,
				3720440E12207F190087A1AB /* seven.caf */,
				3720440F12207F190087A1AB /* six.caf */,
				3720441012207F190087A1AB /* three.caf */,
				3720441112207F190087A1AB /* two.caf */,
			);
			name = audio;
			sourceTree = "<group>";
		};
/* End PBXGroup section */

/* Begin PBXNativeTarget section */
		1D6058900D05DD3D006BFB54 /* Panorama */ = {
			isa = PBXNativeTarget;
			buildConfigurationList = 1D6058960D05DD3E006BFB54 /* Build configuration list for PBXNativeTarget "Panorama" */;
			buildPhases = (
				1D60588D0D05DD3D006BFB54 /* Resources */,
				1D60588E0D05DD3D006BFB54 /* Sources */,
				1D60588F0D05DD3D006BFB54 /* Frameworks */,
			);
			buildRules = (
			);
			dependencies = (
			);
			name = Panorama;
			productName = Panorama;
			productReference = 1D6058910D05DD3D006BFB54 /* Panorama.app */;
			productType = "com.apple.product-type.application";
		};
/* End PBXNativeTarget section */

/* Begin PBXProject section */
		29B97313FDCFA39411CA2CEA /* Project object */ = {
			isa = PBXProject;
			buildConfigurationList = C01FCF4E08A954540054247B /* Build configuration list for PBXProject "Panorama" */;
			compatibilityVersion = "Xcode 3.1";
			hasScannedForEncodings = 1;
			mainGroup = 29B97314FDCFA39411CA2CEA /* CustomTemplate */;
			projectDirPath = "";
			projectRoot = "";
			targets = (
				1D6058900D05DD3D006BFB54 /* Panorama */,
			);
		};
/* End PBXProject section */

/* Begin PBXResourcesBuildPhase section */
		1D60588D0D05DD3D006BFB54 /* Resources */ = {
			isa = PBXResourcesBuildPhase;
			buildActionMask = 2147483647;
			files = (
				28AD733F0D9D9553002E5188 /* MainWindow.xib in Resources */,
				2899E5220DE3E06400AC0155 /* PanoramaViewController.xib in Resources */,
				E287B5F5121FB0A70009B026 /* 1.jpg in Resources */,
				3720441212207F190087A1AB /* eight.caf in Resources */,
				3720441312207F190087A1AB /* five.caf in Resources */,
				3720441412207F190087A1AB /* four.caf in Resources */,
				3720441512207F190087A1AB /* one.caf in Resources */,
				3720441612207F190087A1AB /* seven.caf in Resources */,
				3720441712207F190087A1AB /* six.caf in Resources */,
				3720441812207F190087A1AB /* three.caf in Resources */,
				3720441912207F190087A1AB /* two.caf in Resources */,
			);
			runOnlyForDeploymentPostprocessing = 0;
		};
/* End PBXResourcesBuildPhase section */

/* Begin PBXSourcesBuildPhase section */
		1D60588E0D05DD3D006BFB54 /* Sources */ = {
			isa = PBXSourcesBuildPhase;
			buildActionMask = 2147483647;
			files = (
				1D60589B0D05DD56006BFB54 /* main.m in Sources */,
				1D3623260D0F684500981E51 /* PanoramaAppDelegate.m in Sources */,
				28D7ACF80DDB3853001CB0EB /* PanoramaViewController.m in Sources */,
				E287B608122051030009B026 /* CylindricalScrollView.m in Sources */,
				3720440712207F010087A1AB /* PanoramaAudioManager.m in Sources */,
				3720440812207F010087A1AB /* PanoramaAudioSource.m in Sources */,
			);
			runOnlyForDeploymentPostprocessing = 0;
		};
/* End PBXSourcesBuildPhase section */

/* Begin XCBuildConfiguration section */
		1D6058940D05DD3E006BFB54 /* Debug */ = {
			isa = XCBuildConfiguration;
			buildSettings = {
				ALWAYS_SEARCH_USER_PATHS = NO;
				COPY_PHASE_STRIP = NO;
				GCC_DYNAMIC_NO_PIC = NO;
				GCC_OPTIMIZATION_LEVEL = 0;
				GCC_PRECOMPILE_PREFIX_HEADER = YES;
				GCC_PREFIX_HEADER = Panorama_Prefix.pch;
				INFOPLIST_FILE = "Panorama-Info.plist";
				PRODUCT_NAME = Panorama;
			};
			name = Debug;
		};
		1D6058950D05DD3E006BFB54 /* Release */ = {
			isa = XCBuildConfiguration;
			buildSettings = {
				ALWAYS_SEARCH_USER_PATHS = NO;
				COPY_PHASE_STRIP = YES;
				GCC_PRECOMPILE_PREFIX_HEADER = YES;
				GCC_PREFIX_HEADER = Panorama_Prefix.pch;
				INFOPLIST_FILE = "Panorama-Info.plist";
				PRODUCT_NAME = Panorama;
				VALIDATE_PRODUCT = YES;
			};
			name = Release;
		};
		C01FCF4F08A954540054247B /* Debug */ = {
			isa = XCBuildConfiguration;
			buildSettings = {
				ARCHS = "$(ARCHS_UNIVERSAL_IPHONE_OS)";
				"CODE_SIGN_IDENTITY[sdk=iphoneos*]" = "iPhone Developer";
				GCC_C_LANGUAGE_STANDARD = c99;
				GCC_WARN_ABOUT_RETURN_TYPE = YES;
				GCC_WARN_UNUSED_VARIABLE = YES;
				PREBINDING = NO;
				SDKROOT = iphoneos3.2;
				TARGETED_DEVICE_FAMILY = 2;
			};
			name = Debug;
		};
		C01FCF5008A954540054247B /* Release */ = {
			isa = XCBuildConfiguration;
			buildSettings = {
				ARCHS = "$(ARCHS_UNIVERSAL_IPHONE_OS)";
				"CODE_SIGN_IDENTITY[sdk=iphoneos*]" = "iPhone Developer";
				GCC_C_LANGUAGE_STANDARD = c99;
				GCC_WARN_ABOUT_RETURN_TYPE = YES;
				GCC_WARN_UNUSED_VARIABLE = YES;
				OTHER_CFLAGS = "-DNS_BLOCK_ASSERTIONS=1";
				PREBINDING = NO;
				SDKROOT = iphoneos3.2;
				TARGETED_DEVICE_FAMILY = 2;
			};
			name = Release;
		};
/* End XCBuildConfiguration section */

/* Begin XCConfigurationList section */
		1D6058960D05DD3E006BFB54 /* Build configuration list for PBXNativeTarget "Panorama" */ = {
			isa = XCConfigurationList;
			buildConfigurations = (
				1D6058940D05DD3E006BFB54 /* Debug */,
				1D6058950D05DD3E006BFB54 /* Release */,
			);
			defaultConfigurationIsVisible = 0;
			defaultConfigurationName = Release;
		};
		C01FCF4E08A954540054247B /* Build configuration list for PBXProject "Panorama" */ = {
			isa = XCConfigurationList;
			buildConfigurations = (
				C01FCF4F08A954540054247B /* Debug */,
				C01FCF5008A954540054247B /* Release */,
			);
			defaultConfigurationIsVisible = 0;
			defaultConfigurationName = Release;
		};
/* End XCConfigurationList section */
	};
	rootObject = 29B97313FDCFA39411CA2CEA /* Project object */;
}
